{
    "_meta": {
        "hash": {
            "sha256": "6f0ed97cb926e8881400501065267cbe08f424339e06c3ae446f66c9b563bccc"
        },
        "host-environment-markers": {
            "implementation_name": "cpython",
            "implementation_version": "3.6.4",
            "os_name": "posix",
            "platform_machine": "x86_64",
            "platform_python_implementation": "CPython",
            "platform_release": "17.4.0",
            "platform_system": "Darwin",
            "platform_version": "Darwin Kernel Version 17.4.0: Sun Dec 17 09:19:54 PST 2017; root:xnu-4570.41.2~1/RELEASE_X86_64",
            "python_full_version": "3.6.4",
            "python_version": "3.6",
            "sys_platform": "darwin"
        },
        "pipfile-spec": 6,
        "requires": {},
        "sources": [
            {
                "name": "pypi",
                "url": "https://pypi.python.org/simple",
                "verify_ssl": true
            }
        ]
    },
    "default": {
        "absl-py": {
            "hashes": [
                "sha256:908eba9a96a37c10f10074aba57d685070b814906b02a1ea2cf54bb10a6b8c74"
            ],
            "version": "==0.1.10"
        },
        "astor": {
            "hashes": [
                "sha256:64c805f1ad6fbc505633416b6174fc23796eb164f371a7dc1f3951ea30560fb5",
                "sha256:ff6d2e2962d834acb125cc4dcc80c54a8c17c253f4cc9d9c43b5102a560bb75d"
            ],
            "version": "==0.6.2"
        },
        "bleach": {
            "hashes": [
                "sha256:e67f46adcec78dbc3c04462f3aba3213a673d5652eba2609ed1ef15492a44b8d",
                "sha256:978e758599b54cd3caa2e160d74102879b230ea8dc93871d0783721eef58bc65"
            ],
            "version": "==1.5.0"
        },
        "cloudpickle": {
            "hashes": [
                "sha256:604c1cb39c2043ba44f017444dd89b7f82541701dfa8a64f5ae72e6346755c0b",
                "sha256:b0e63dd89ed5285171a570186751bc9b84493675e99e12789e9a5dc5490ef554"
            ],
            "version": "==0.5.2"
        },
        "cycler": {
            "hashes": [
                "sha256:1d8a5ae1ff6c5cf9b93e8811e581232ad8920aeec647c37316ceac982b08cb2d",
                "sha256:cd7b2d1018258d7247a71425e9f26463dfb444d411c39569972f4ce586b0c9d8"
            ],
            "version": "==0.10.0"
        },
        "easy-tf-log": {
            "git": "https://github.com/mrahtz/easy-tf-log"
        },
        "gast": {
            "hashes": [
                "sha256:7068908321ecd2774f145193c4b34a11305bd104b4551b09273dfd1d6a374930"
            ],
            "version": "==0.2.0"
        },
        "grpcio": {
            "hashes": [
                "sha256:14bca481188c3f19135012aaff9abefa4e15529c7e1aca3084183d78094d06bd",
                "sha256:4fa658a7e1ba5727ca066b1c8bb64c6befb98f2b8007f04a16c7c84555bf11b9",
                "sha256:982439a872d41f969724efc139e0416ba45e0d7446e9a41fd2ebe19351adff9a",
                "sha256:025a591606b0aca13bec3e019d6acec01a39421f01b915b98a3a93ea0a53b412",
                "sha256:d410835e7554d064c2d99cfa0dd393ffbb0ccf52145ab51c725a8472ed254a3c",
                "sha256:88afda198adb0a9da52a66152062027a57877b46f59ffcf55acc3cbfaff77160",
                "sha256:10efe2e016c3ca7a370771ffcf1de9baa3456d4bccefde0f4ce3be091d871c8f",
                "sha256:224c513fbe0c3ca546870e5c21b08a8a56cd25795b76b3192ee9702a3344764b",
                "sha256:aa473b8276de39eeccc4ad6cbb7fd7feab0868180d72c0c93226033c79fa69b7",
                "sha256:022dc2a6d1537a5a16af4ccc3355ad7b512f9c627a1d5d579cd7c18830378bb3",
                "sha256:b56e4f355c2499bb0bf8f8f4d0362b618b06afdfd2c10722710596dc7e295c6c",
                "sha256:e86639989c03831912fd9924beda26f6e9ffcc267656cea035bde9d88cf793b2",
                "sha256:f4a38071dd27f140cfe774f56aecdf0e33de926c21289cc9c7521ce8dd91fc1c",
                "sha256:2894466c499d9752e0d49ee8adc5ee12c676d86211fc1b292bf713cc7cfe9853",
                "sha256:ea9564f58144e2f07995d57fb8e636be5efb084cd59c8651391ada2bb75dc0ff",
                "sha256:435b3bab2e34814666854eec203c77b169df1cd56cf22fe449cf5510af416e7d",
                "sha256:da306c80d69801a3e4115c448ed4ad481957d723ec1e00b99497c6661573c3e5",
                "sha256:17240d672b5c1c9ff22e52236c1870413b7fb5af762b97ce5a747a55e0a57e98",
                "sha256:03265472d39bf26f124c3ef68446f7873c8260893e6ae65b323a5b51ed52e580"
            ],
            "version": "==1.10.0"
        },
        "gym-moving-dot": {
            "git": "https://github.com/mrahtz/gym-moving-dot"
        },
        "html5lib": {
            "hashes": [
                "sha256:2612a191a8d5842bfa057e41ba50bbb9dcb722419d2408c78cff4758d0754868"
            ],
            "version": "==0.9999999"
        },
        "joblib": {
            "hashes": [
                "sha256:cf3420e27048c66916754472bc3a2d4717271103a4806f31f11707a3d82a991f",
                "sha256:7b8fd56df36d9731a83729395ccb85a3b401f62a96255deb1a77220c00ed4085"
            ],
            "version": "==0.11"
        },
        "markdown": {
            "hashes": [
                "sha256:9ba587db9daee7ec761cfc656272be6aabe2ed300fece21208e4aab2e457bc8f",
                "sha256:a856869c7ff079ad84a3e19cd87a64998350c2b94e9e08e44270faef33400f81"
            ],
            "version": "==2.6.11"
        },
        "matplotlib": {
            "hashes": [
                "sha256:31662334a4485455167072f80c57d2d2ef9ada4b93197b4851ceacee7269cb17",
                "sha256:0c4a0cb10972b18049acde76e4611bcda0fa288a199a5f2c3c6f21ab208010cf",
                "sha256:09ac1bde82673bfb4f1cb9ebd7fe258b29400f1be8914cb0891eca62a99cf7e6",
                "sha256:295d2b135cb4d546fbb4b4d0b8d62d2132436adcf86221ece1d0bd4a3522128c",
                "sha256:710bfe01633a4b734742163187bae99399de9f2c46cb6b40bd79b51467f7ba36",
                "sha256:ae091625121ff5bf31515332ee604c90b55f9e6f6a02ac7160e5199f0422a211",
                "sha256:fe8d2e29753fbbc1923e18e80487f09fdc01f270ff44da7156f147a3075876c0",
                "sha256:9a87c1c8f195f0908b599268332608e5024b34cdd07375c68c15ac24b2a93a4e",
                "sha256:ad987a871682d34d44a941cc47bf12f60e7866be7133498c432fb3d6fa3be651",
                "sha256:59736af4bed61af336da60b8e97b700e695ffae9af08941c83e37ab0de3f151a",
                "sha256:932ca62fb7c4edc377d6f0078995a1c004b7e4e9982a025e7022eb5eb1fc33ba",
                "sha256:fb96735f76d5975e09eedc3502e9ff63dbe0c04aef312d0d6048a97f7993e667",
                "sha256:2cc12ea94d80990e454a67ce829dc084bbdbfd0c95ed1f527dbd64688f184acd",
                "sha256:97b9b56bbfce43deefbc2a089fa4afa8887e84041f17b090ac3d9f90a9e8e745",
                "sha256:2452beef35840bdd9c3f613fc112ce6eb449cabca2bcb8a3f0d7eedd8e11d85d",
                "sha256:adde3c9eb2145e5597a593877aea456e0bfe37f46cb3534caacce61b603c451a",
                "sha256:fe5f8487aa872164a80b0c491f1110d4e2125391933caf17cae0a86df7950a72",
                "sha256:725a3f12739d133adfa381e1b33bd70c6f64db453bfc536e148824816e568894"
            ],
            "version": "==2.1.2"
        },
        "numpy": {
            "hashes": [
                "sha256:e2335d56d2fd9fc4e3a3f2d3148aafec4962682375f429f05c45a64dacf19436",
                "sha256:9b762e78739b6e021124adbea07611682db99cd3fca7f3c3a8b98b8f74ea5699",
                "sha256:7d4c549e41507db4f04ec7cfab5597de8acf7871b16c9cf64cebcb9d39031ca6",
                "sha256:b803306c4c201e7dcda0ce1b9a9c87f61a7c7ce43de2c60c8e56147b76849a1a",
                "sha256:2da8dff91d489fea3e20155d41f4cd680de7d01d9a89fdd0ebb1bee6e72d3800",
                "sha256:6b8c2daacbbffc83b4a2ba83a61aa3ce60c66340b07b962bd27b6c6bb175bee1",
                "sha256:89b9419019c47ec87cf4cfca77d85da4611cc0be636ec87b5290346490b98450",
                "sha256:49880b47d7272f902946dd995f346842c95fe275e2deb3082ef0495f0c718a69",
                "sha256:3d7ddd5bdfb12ec9668edf1aa49a4a3eddb0db4661b57ea431477eb9a2468894",
                "sha256:788e1757f8e409cd805a7cd82993cd9252fa19e334758a4c6eb5a8b334abb084",
                "sha256:377def0873bbb1fbdedb14b3275b10a29b1b55619a3f7f775c4e7f9ce2461b9c",
                "sha256:9501c9ccd081977ca5579a3ec4009d6baff6bacb04bf07214aade3324734195a",
                "sha256:a1f5173df8190ef9c6235d260d70ca70c6fb029683ceb66e244c5cc6e335947a",
                "sha256:12cf4b27039b88e407ad66894d99a957ef60fea0eeb442026af325add2ab264d",
                "sha256:4e2fc841c8c642f7fd44591ef856ca409cedba6aea27928df34004c533839eee",
                "sha256:e5ade7a69dccbd99c4fdbb95b6d091d941e62ffa588b0ed8fb0a2854118fef3f",
                "sha256:6b1011ffc87d7e2b1b7bcc6dc21bdf177163658746ef778dcd21bf0516b9126c",
                "sha256:a8bc80f69570e11967763636db9b24c1e3e3689881d10ae793cec74cf7a627b6",
                "sha256:81b9d8f6450e752bd82e7d9618fa053df8db1725747880e76fb09710b57f78d0",
                "sha256:e8522cad377cc2ef20fe13aae742cc265172910c98e8a0d6014b1a8d564019e2",
                "sha256:a3d5dd437112292c707e54f47141be2f1100221242f07eda7bd8477f3ddc2252",
                "sha256:c8000a6cbc5140629be8c038c9c9cdb3a1c85ff90bd4180ec99f0f0c73050b5e",
                "sha256:fa0944650d5d3fb95869eaacd8eedbd2d83610c85e271bd9d3495ffa9bc4dc9c"
            ],
            "version": "==1.14.1"
        },
        "protobuf": {
            "hashes": [
                "sha256:11788df3e176f44e0375fe6361342d7258a457b346504ea259a21b77ffc18a90",
                "sha256:50c24f0d00b7efb3a72ae638ddc118e713cfe8cef40527afe24f7ebcb878e46d",
                "sha256:41661f9a442eba2f1967f15333ebe9ecc7e7c51bcbaa2972303ad33a4ca0168e",
                "sha256:06ec363b74bceb7d018f2171e0892f03ab6816530e2b0f77d725a58264551e48",
                "sha256:b20f861b55efd8206428c13e017cc8e2c34b40b2a714446eb202bbf0ff7597a6",
                "sha256:c1f9c36004a7ae6f1ce4a23f06070f6b07f57495f251851aa15cc4da16d08378",
                "sha256:4d2e665410b0a278d2eb2c0a529ca2366bb325eb2ae34e189a826b71fb1b28cd",
                "sha256:95b78959572de7d7fafa3acb718ed71f482932ddddddbd29ba8319c10639d863"
            ],
            "version": "==3.5.1"
        },
        "pyparsing": {
            "hashes": [
                "sha256:fee43f17a9c4087e7ed1605bd6df994c6173c1e977d7ade7b651292fab2bd010",
                "sha256:0832bcf47acd283788593e7a0f542407bd9550a55a8a8435214a1960e04bcb04",
                "sha256:9e8143a3e15c13713506886badd96ca4b579a87fbdf49e550dbfc057d6cb218e",
                "sha256:281683241b25fe9b80ec9d66017485f6deff1af5cde372469134b56ca8447a07",
                "sha256:b8b3117ed9bdf45e14dcc89345ce638ec7e0e29b2b579fa1ecf32ce45ebac8a5",
                "sha256:8f1e18d3fd36c6795bb7e02a39fd05c611ffc2596c1e0d995d34d67630426c18",
                "sha256:e4d45427c6e20a59bf4f88c639dcc03ce30d193112047f94012102f235853a58"
            ],
            "version": "==2.2.0"
        },
        "pyqt5": {
            "hashes": [
                "sha256:9c17ab3974c1fc7bbb04cc1c9dae780522c0ebc158613f3025fccae82227b5f7",
                "sha256:1e652910bd1ffd23a3a48c510ecad23a57a853ed26b782cd54b16658e6f271ac",
                "sha256:f6035baa009acf45e5f460cf88f73580ad5dc0e72330029acd99e477f20a5d61",
                "sha256:4db7113f464c733a99fcb66c4c093a47cf7204ad3f8b3bda502efcc0839ac14b"
            ],
            "version": "==5.10.1"
        },
        "python-dateutil": {
            "hashes": [
                "sha256:95511bae634d69bc7329ba55e646499a842bc4ec342ad54a8cdb65645a0aad3c",
                "sha256:891c38b2a02f5bb1be3e4793866c8df49c7d19baabf9c1bad62547e0b4866aca"
            ],
            "version": "==2.6.1"
        },
        "pytz": {
            "hashes": [
                "sha256:ed6509d9af298b7995d69a440e2822288f2eca1681b8cce37673dbb10091e5fe",
                "sha256:f93ddcdd6342f94cea379c73cddb5724e0d6d0a1c91c9bdef364dc0368ba4fda",
                "sha256:61242a9abc626379574a166dc0e96a66cd7c3b27fc10868003fa210be4bff1c9",
                "sha256:ba18e6a243b3625513d85239b3e49055a2f0318466e0b8a92b8fb8ca7ccdf55f",
                "sha256:07edfc3d4d2705a20a6e99d97f0c4b61c800b8232dc1c04d87e8554f130148dd",
                "sha256:3a47ff71597f821cd84a162e71593004286e5be07a340fd462f0d33a760782b5",
                "sha256:5bd55c744e6feaa4d599a6cbd8228b4f8f9ba96de2c38d56f08e534b3c9edf0d",
                "sha256:887ab5e5b32e4d0c86efddd3d055c1f363cbaa583beb8da5e22d2fa2f64d51ef",
                "sha256:410bcd1d6409026fbaa65d9ed33bf6dd8b1e94a499e32168acfc7b332e4095c0"
            ],
            "version": "==2018.3"
        },
        "scipy": {
            "hashes": [
                "sha256:70e6fc3f2f52c9152f05e27eb9bd8543cb862cacb71f8521a571e4ffb837f450",
                "sha256:08041e5336fcd57defcc78650b44b3df652eff3e3a801638d894e50494fb630d",
                "sha256:ff8b6637d8d2c074ed67f3d57513e62f94747c6f1210f43e60ad3d8e93a424e4",
                "sha256:5964dba6a3c0be226d44d2520de8fb4ba1501768bad57eec687d36d3f53b6254",
                "sha256:bf36f3485e7b7291c36330a93bbfd4f5e8db23bbe4ea46c37b2839fef463f4e2",
                "sha256:e3a5673c105eab802fdecb77f102d877352e201df9328698a265b7f57546b34b",
                "sha256:cd23894e1cc6eaa00e6807b6b12e4ca66d5ff092986c9c3eb01e97f24e2d6462",
                "sha256:23a7238279ae94e088396b8b05a9795ef598dc79c5cd1adb91ad1ff87c7514fd",
                "sha256:3b66d5e40152175bca75cbbfd1eb5c108c50de9ae5625923f1c4f8f51cbe2dea",
                "sha256:fa17be6c66985931d3a391f61a6ba97c902585cf26020aa3eb24604115732d22",
                "sha256:d84df0bc86bbdd49f0a6b6bad5cd62ccb02a3bfe546bf79263de44ae081bcd7b",
                "sha256:912499ddb521b7ac6287ac4ccf5f296a83d38996c2d04f43c9e62a91f7b420aa",
                "sha256:889602ead28054a15e8c26e1a6b8420d5a4fa777cfeb3ec98cfa52b9f317d153",
                "sha256:5774adb6047983489bc81edaa72cd132e665e5680f0b2cf8ea28cd3b99e65d39",
                "sha256:01c7040a83eb4e020ab729488637dcadef54cb728b035b76668ab92a72515d60",
                "sha256:046705c604c6f1d63cad3e89677c0618b7abb40ed09a4c241c671a2d8e5128a9",
                "sha256:1f58fbd59e8d9652759df0d137832ff2a325ed708c173cba20c86589d811c210",
                "sha256:424500b2fe573d30de6dea927076c01acaadb3efb3d1f40340e8cc37151ccf27",
                "sha256:97123a25216616723083942eb595f47fee18da6b637a88b803de5f078009003c",
                "sha256:a79b99b8b5af9a63312bd053bbb7bdb7710e6bbb9cc81617f9f6b9b1e49c72f8",
                "sha256:9bd193686fd837472bdb6425486cb234ed0a4db76b930c141cc8d095ab213c8d",
                "sha256:a9e479648aab5f36330da94f351ebbfe79acb4e6f5e6ac6aeddc9291eb096839",
                "sha256:87ea1f11a0e9ec08c264dc64551d501fa307289460705f6fccd84cbfc7926d10"
            ],
            "version": "==1.0.0"
        },
        "sip": {
            "hashes": [
                "sha256:d9023422127b94d11c1a84bfa94933e959c484f2c79553c1ef23c69fe00d25f8",
                "sha256:e72955e12f4fccf27aa421be383453d697b8a44bde2cc26b08d876fd492d0174",
                "sha256:52074f7cb5488e8b75b52f34ec2230bc75d22986c7fe5cd3f2d266c23f3349a7",
                "sha256:5ff887a33839de8fc77d7f69aed0259b67a384dc91a1dc7588e328b0b980bde2",
                "sha256:09f9a4e6c28afd0bafedb26ffba43375b97fe7207bd1a0d3513f79b7d168b331",
                "sha256:cf98150a99e43fda7ae22abe655b6f202e491d6291486548daa56cb15a2fcf85",
                "sha256:74da4ddd20c5b35c19cda753ce1e8e1f71616931391caeac2de7a1715945c679",
                "sha256:265ddf69235dd70571b7d4da20849303b436192e875ce7226be7144ca702a45c",
                "sha256:97bb93ee0ef01ba90f57be2b606e08002660affd5bc380776dd8b0fcaa9e093a",
                "sha256:7d69e9cf4f8253a3c0dfc5ba6bb9ac8087b8239851f22998e98cb35cfe497b68",
                "sha256:1bb10aac55bd5ab0e2ee74b3047aa2016cfa7932077c73f602a6f6541af8cd51",
                "sha256:105edaaa1c8aa486662226360bd3999b4b89dd56de3e314d82b83ed0587d8783"
            ],
            "version": "==4.19.8"
        },
        "six": {
            "hashes": [
                "sha256:832dc0e10feb1aa2c68dcc57dbb658f1c7e65b9b61af69048abc87a2db00a0eb",
                "sha256:70e8a77beed4562e7f14fe23a786b54f6296e34344c23bc42f07b15018ff98e9"
            ],
            "version": "==1.11.0"
        },
        "tensorboard": {
            "hashes": [
                "sha256:835ecbfee0ce505f8365435c23d1c7d6fd527fcad8a4829e4145b9f6f41d0ca2",
                "sha256:ab3e4568a277d4d06fc2928e6e5aa2a32ece073ad234a6b7ade08671dbf8f339"
            ],
            "version": "==1.6.0"
        },
        "tensorflow": {
            "hashes": [
                "sha256:d9c628c857ccd9213d75e0747fcad6ef4d6866a79d1a3987d87a5957c3f0f819",
                "sha256:6d6f8ac26f857ab79c13b594efcb13d5485d1dbfdaa8e54b064ea7b4b28a9cf8",
                "sha256:8c504b9c70649d8602592b148944b34207fde8d1f5d61aaf435dab99118a58bc",
                "sha256:638e690a4efc675dbfd0bb98f0c5db1b6b54e9791513fced4a4df80a3db946cb",
                "sha256:b6b4c52c61f9cea58a93e4c178e8acec157ab2ed8824350ec536f107fa67a491",
                "sha256:1ba17a5df0c2d3e0000f88479b3ce7a35e05ced3056e4594781e81afb45ac8fd",
                "sha256:eaa4af9eb161af500a5e3c65dcc434d63478801539f51cdd8c01572eda9dfa2d",
                "sha256:afb1f05ab3f8ff569b91be5ecb066b926dff1afd029f4f296964317f461268a6",
                "sha256:2f89cf8a05198e7e2415d040b679b4f50ef86c0c3834f4bf86d0b836ecc14a27",
                "sha256:17981691a5711dd8b0479b293229f3a22d2f0503d04c2691a2ef66ee50903257",
                "sha256:d0e5daf51cf9a711a0dc95b5bf4a9eeeb1cb485197cb923b8940f2a905850407",
                "sha256:0b41fb0d1d0be2d495dad67138b5a118f7b206a07b2c96474414109dbfe056a8"
            ],
            "version": "==1.6.0"
        },
        "termcolor": {
            "hashes": [
                "sha256:1d6d69ce66211143803fbc56652b41d73b4a400a2891d7bf7a1cdf4c02de613b"
            ],
            "version": "==1.1.0"
        },
        "werkzeug": {
            "hashes": [
                "sha256:d5da73735293558eb1651ee2fddc4d0dedcfa06538b8813a2e20011583c9e49b",
                "sha256:c3fd7a7d41976d9f44db327260e263132466836cef6f91512889ed60ad26557c"
            ],
            "version": "==0.14.1"
        },
        "wheel": {
            "hashes": [
                "sha256:e721e53864f084f956f40f96124a74da0631ac13fbbd1ba99e8e2b5e9cafdf64",
                "sha256:9515fe0a94e823fd90b08d22de45d7bde57c90edce705b22f5e1ecf7e1b653c8"
            ],
            "version": "==0.30.0"
        }
    },
    "develop": {}
}
